<?xml version="1.0" encoding="utf-8"?>
<Project ToolsVersion="4.0" xmlns="http://schemas.microsoft.com/developer/msbuild/2003">
  <ItemGroup>
    <Filter Include="Resource Files">
      <UniqueIdentifier>{67DA6AB6-F800-4c08-8B7A-83BB121AAD01}</UniqueIdentifier>
      <Extensions>rc;ico;cur;bmp;dlg;rc2;rct;bin;rgs;gif;jpg;jpeg;jpe;resx;tiff;tif;png;wav;mfcribbon-ms</Extensions>
    </Filter>
    <Filter Include="Libraries">
      <UniqueIdentifier>{a9a8439f-85c3-4309-ba5a-1858a1499278}</UniqueIdentifier>
    </Filter>
    <Filter Include="Libraries\cURL">
      <UniqueIdentifier>{8f669614-fbfb-4eeb-a9df-6d00b3505e58}</UniqueIdentifier>
    </Filter>
    <Filter Include="Libraries\Zip">
      <UniqueIdentifier>{b8367648-76b4-4c59-a813-045b1dfc7f2d}</UniqueIdentifier>
    </Filter>
    <Filter Include="Views">
      <UniqueIdentifier>{0e663d4e-02a6-4035-9ea6-51471ebf9067}</UniqueIdentifier>
    </Filter>
    <Filter Include="Views\Overview">
      <UniqueIdentifier>{e4ff053b-b998-403d-8446-59ab4bcdec5a}</UniqueIdentifier>
    </Filter>
    <Filter Include="Views\Overview\Components">
      <UniqueIdentifier>{0290169f-9ba2-4200-b4fc-253db1f52915}</UniqueIdentifier>
    </Filter>
    <Filter Include="Views\Deckbox">
      <UniqueIdentifier>{f37700cb-e82e-40ca-b01e-d99f94b16bf2}</UniqueIdentifier>
    </Filter>
    <Filter Include="Views\Deckbox\Components">
      <UniqueIdentifier>{a3566811-f2d1-45a5-b14f-3f28a82b0af9}</UniqueIdentifier>
    </Filter>
    <Filter Include="Views\Deckbox\ComponentHelpers">
      <UniqueIdentifier>{4963d8e0-6851-4db2-a3f9-1ed7888d8ffd}</UniqueIdentifier>
    </Filter>
    <Filter Include="Views\Interfaces">
      <UniqueIdentifier>{de6c1d01-12f1-405e-bafd-e6d6fd204c6a}</UniqueIdentifier>
    </Filter>
    <Filter Include="Views\Interfaces\CollectionEditor">
      <UniqueIdentifier>{a875f7e0-2ffb-4be7-9be8-c3927affb148}</UniqueIdentifier>
    </Filter>
    <Filter Include="Views\Interfaces\CollectionEditor\Components">
      <UniqueIdentifier>{0b709aad-aee9-4d6f-9839-47270f0228ab}</UniqueIdentifier>
    </Filter>
    <Filter Include="Views\Interfaces\CardEditor">
      <UniqueIdentifier>{f5826536-5ce6-427d-ac26-1a59c6f44800}</UniqueIdentifier>
    </Filter>
    <Filter Include="Views\Interfaces\CardEditor\Components">
      <UniqueIdentifier>{0cf2b4cb-8083-4995-9df1-c93bcfea3e94}</UniqueIdentifier>
    </Filter>
    <Filter Include="Views\Interfaces\CollectionSelector">
      <UniqueIdentifier>{14aabd1a-412c-4311-b71a-71988c4b122f}</UniqueIdentifier>
    </Filter>
    <Filter Include="Views\Interfaces\ImageViewer">
      <UniqueIdentifier>{235fdba2-5b54-4a10-b56d-bc0474300924}</UniqueIdentifier>
    </Filter>
    <Filter Include="Views\Template">
      <UniqueIdentifier>{921bdce0-b8b2-4984-abc0-1dc54c078048}</UniqueIdentifier>
    </Filter>
    <Filter Include="Views\Cube">
      <UniqueIdentifier>{84c8dacd-fdf8-43de-9057-a5148544ff2f}</UniqueIdentifier>
    </Filter>
    <Filter Include="Views\Cube\Components">
      <UniqueIdentifier>{4a01723e-c28a-433a-a4d3-970b99701fda}</UniqueIdentifier>
    </Filter>
    <Filter Include="Views\Interfaces\StatsViewer">
      <UniqueIdentifier>{8f564d03-09b7-49e7-b975-c60609cf543b}</UniqueIdentifier>
    </Filter>
    <Filter Include="Views\Interfaces\StatsViewer\Components">
      <UniqueIdentifier>{42283d38-a96e-49a8-a1b2-cc58a91e7dc6}</UniqueIdentifier>
    </Filter>
    <Filter Include="Views\Interfaces\StatsViewer\Modules">
      <UniqueIdentifier>{fc80ad81-6283-4b69-b7a1-4e440d6f47cb}</UniqueIdentifier>
    </Filter>
    <Filter Include="Views\Interfaces\HistoryViewer">
      <UniqueIdentifier>{2bd4a5fb-7943-4c5e-bb52-a8466d81b96a}</UniqueIdentifier>
    </Filter>
    <Filter Include="Views\Interfaces\HistoryViewer\Components">
      <UniqueIdentifier>{7447ecb0-6978-4537-a798-1737302f47f3}</UniqueIdentifier>
    </Filter>
    <Filter Include="wxExtensions">
      <UniqueIdentifier>{1f8d4857-1ef4-4712-a4d3-76d4898757c0}</UniqueIdentifier>
    </Filter>
    <Filter Include="StoreFrontEnd">
      <UniqueIdentifier>{4FC737F1-C7A5-4376-A066-2A32D752A2FF}</UniqueIdentifier>
      <Extensions>cpp;c;cc;cxx;def;odl;idl;hpj;bat;asm;asmx</Extensions>
    </Filter>
    <Filter Include="Views\Cube\CardEditorComponent">
      <UniqueIdentifier>{bf47c679-081a-4ceb-a74a-a9dfac4423f7}</UniqueIdentifier>
    </Filter>
    <Filter Include="Views\CollectionView">
      <UniqueIdentifier>{0f0abdf4-5830-4281-96cb-bcba71ffc9da}</UniqueIdentifier>
    </Filter>
    <Filter Include="Views\CollectionView\Renderers">
      <UniqueIdentifier>{7c602b2a-bdef-4525-9aed-58a2a86fc996}</UniqueIdentifier>
    </Filter>
    <Filter Include="Views\Interfaces\CardViewer">
      <UniqueIdentifier>{72551492-3639-4422-b030-164362320e7d}</UniqueIdentifier>
    </Filter>
    <Filter Include="Views\Interfaces\CardViewer\EditorModules">
      <UniqueIdentifier>{e6f5e0a8-8edb-4413-882e-7b5d87383eb2}</UniqueIdentifier>
    </Filter>
  </ItemGroup>
  <ItemGroup>
    <ClCompile Include="Views\MainWindow\CMainWindow.cpp">
      <Filter>Views</Filter>
    </ClCompile>
    <ClCompile Include="Views\MainWindow\MainWindow.cpp">
      <Filter>Views</Filter>
    </ClCompile>
    <ClCompile Include="Views\MainWindow\VMainWindow.cpp">
      <Filter>Views</Filter>
    </ClCompile>
    <ClCompile Include="Views\CardEditor\viCardEditor.cpp">
      <Filter>Views\Interfaces\CardEditor</Filter>
    </ClCompile>
    <ClCompile Include="Views\CardEditor\vcEditableItemList.cpp">
      <Filter>Views\Interfaces\CardEditor\Components</Filter>
    </ClCompile>
    <ClCompile Include="Views\CardEditor\vcEditableTraitList.cpp">
      <Filter>Views\Interfaces\CardEditor\Components</Filter>
    </ClCompile>
    <ClCompile Include="Views\CardEditor\vcEditableTraitListItem.cpp">
      <Filter>Views\Interfaces\CardEditor\Components</Filter>
    </ClCompile>
    <ClCompile Include="Views\CollectionEditor\viCollectionEditor.cpp">
      <Filter>Views\Interfaces\CollectionEditor</Filter>
    </ClCompile>
    <ClCompile Include="Views\CollectionEditor\CELIOption.cpp">
      <Filter>Views\Interfaces\CollectionEditor\Components</Filter>
    </ClCompile>
    <ClCompile Include="Views\CollectionEditor\vicCollectionEditListItemOption.cpp">
      <Filter>Views\Interfaces\CollectionEditor\Components</Filter>
    </ClCompile>
    <ClCompile Include="Views\CollectionEditor\vicCollectionEditorList.cpp">
      <Filter>Views\Interfaces\CollectionEditor\Components</Filter>
    </ClCompile>
    <ClCompile Include="Views\CollectionEditor\vicCollectionEditorListItem.cpp">
      <Filter>Views\Interfaces\CollectionEditor\Components</Filter>
    </ClCompile>
    <ClCompile Include="Views\CollectionEditor\vicCollectionEditorListItemPlusMinusCounter.cpp">
      <Filter>Views\Interfaces\CollectionEditor\Components</Filter>
    </ClCompile>
    <ClCompile Include="Views\CollectionEditor\vicListSelector.cpp">
      <Filter>Views\Interfaces\CollectionEditor\Components</Filter>
    </ClCompile>
    <ClCompile Include="Views\CollectionPreviewer\vicCollectionPeeker.cpp">
      <Filter>Views\Interfaces\CollectionSelector</Filter>
    </ClCompile>
    <ClCompile Include="Views\CollectionPreviewer\viCollectionSelector.cpp">
      <Filter>Views\Interfaces\CollectionSelector</Filter>
    </ClCompile>
    <ClCompile Include="Views\CollectionHistory\viHistoryViewer.cpp">
      <Filter>Views\Interfaces\HistoryViewer</Filter>
    </ClCompile>
    <ClCompile Include="Views\CollectionHistory\vicBlogFooter.cpp">
      <Filter>Views\Interfaces\HistoryViewer\Components</Filter>
    </ClCompile>
    <ClCompile Include="Views\CollectionHistory\vicBlogHeader.cpp">
      <Filter>Views\Interfaces\HistoryViewer\Components</Filter>
    </ClCompile>
    <ClCompile Include="Views\CollectionHistory\vicBlogItem.cpp">
      <Filter>Views\Interfaces\HistoryViewer\Components</Filter>
    </ClCompile>
    <ClCompile Include="Views\ImageViewer\ImageViewer.cpp">
      <Filter>Views\Interfaces\ImageViewer</Filter>
    </ClCompile>
    <ClCompile Include="Views\ImageViewer\vcImageWrapper.cpp">
      <Filter>Views\Interfaces\ImageViewer</Filter>
    </ClCompile>
    <ClCompile Include="Views\CollectionStats\vStatsViewer.cpp">
      <Filter>Views\Interfaces\StatsViewer</Filter>
    </ClCompile>
    <ClCompile Include="Views\CollectionStats\Modules\vimCMCModule.cpp">
      <Filter>Views\Interfaces\StatsViewer\Modules</Filter>
    </ClCompile>
    <ClCompile Include="Views\CollectionStats\Modules\vimCountModule.cpp">
      <Filter>Views\Interfaces\StatsViewer\Modules</Filter>
    </ClCompile>
    <ClCompile Include="Views\CollectionStats\Modules\vimTypeBreakDown.cpp">
      <Filter>Views\Interfaces\StatsViewer\Modules</Filter>
    </ClCompile>
    <ClCompile Include="Views\CollectionStats\vicStatsViewRow.cpp">
      <Filter>Views\Interfaces\StatsViewer\Components</Filter>
    </ClCompile>
    <ClCompile Include="Views\CollectionsOverview\CollectionsOverview.cpp">
      <Filter>Views\Overview</Filter>
    </ClCompile>
    <ClCompile Include="Views\CollectionsOverview\vcCollectionsMenuList.cpp">
      <Filter>Views\Overview\Components</Filter>
    </ClCompile>
    <ClCompile Include="Views\ViewTemplates\IControlledView.cpp">
      <Filter>Views\Template</Filter>
    </ClCompile>
    <ClCompile Include="Views\ViewTemplates\IMenuEventHandler.cpp">
      <Filter>Views\Template</Filter>
    </ClCompile>
    <ClCompile Include="Views\ViewTemplates\IMenuEventSource.cpp">
      <Filter>Views\Template</Filter>
    </ClCompile>
    <ClCompile Include="Views\wxExtras\wxImagePanel.cpp">
      <Filter>wxExtensions</Filter>
    </ClCompile>
    <ClCompile Include="Views\wxExtras\wxInfiniteGrid.cpp">
      <Filter>wxExtensions</Filter>
    </ClCompile>
    <ClCompile Include="Views\wxExtras\wxManualText.cpp">
      <Filter>wxExtensions</Filter>
    </ClCompile>
    <ClCompile Include="StoreFrontEnd\App.cpp">
      <Filter>StoreFrontEnd</Filter>
    </ClCompile>
    <ClCompile Include="StoreFrontEnd\CardInterface.cpp">
      <Filter>StoreFrontEnd</Filter>
    </ClCompile>
    <ClCompile Include="StoreFrontEnd\CollectionInterface.cpp">
      <Filter>StoreFrontEnd</Filter>
    </ClCompile>
    <ClCompile Include="StoreFrontEnd\CURLAPI.cpp">
      <Filter>StoreFrontEnd</Filter>
    </ClCompile>
    <ClCompile Include="StoreFrontEnd\Group.cpp">
      <Filter>StoreFrontEnd</Filter>
    </ClCompile>
    <ClCompile Include="StoreFrontEnd\GroupItemData.cpp">
      <Filter>StoreFrontEnd</Filter>
    </ClCompile>
    <ClCompile Include="StoreFrontEnd\ImageFetcher.cpp">
      <Filter>StoreFrontEnd</Filter>
    </ClCompile>
    <ClCompile Include="StoreFrontEnd\ImageHandler.cpp">
      <Filter>StoreFrontEnd</Filter>
    </ClCompile>
    <ClCompile Include="StoreFrontEnd\ScryFallAPI.cpp">
      <Filter>StoreFrontEnd</Filter>
    </ClCompile>
    <ClCompile Include="StoreFrontEnd\SourceDownloader.cpp">
      <Filter>StoreFrontEnd</Filter>
    </ClCompile>
    <ClCompile Include="StoreFrontEnd\StoreFrontEnd.cpp">
      <Filter>StoreFrontEnd</Filter>
    </ClCompile>
    <ClCompile Include="Views\CardEditor\vcItemNameCheckBox.cpp">
      <Filter>Views\Interfaces\CardEditor\Components</Filter>
    </ClCompile>
    <ClCompile Include="include\json\jsoncpp.cpp">
      <Filter>Libraries</Filter>
    </ClCompile>
    <ClCompile Include="Views\CollectionView\CCollectionView.cpp">
      <Filter>Views\CollectionView</Filter>
    </ClCompile>
    <ClCompile Include="Views\CollectionView\CollectionView.cpp">
      <Filter>Views\CollectionView</Filter>
    </ClCompile>
    <ClCompile Include="Views\CollectionView\VCollectionView.cpp">
      <Filter>Views\CollectionView</Filter>
    </ClCompile>
    <ClCompile Include="Views\CollectionView\CubeRenderer.cpp">
      <Filter>Views\CollectionView\Renderers</Filter>
    </ClCompile>
    <ClCompile Include="Views\CardView\CardView.cpp">
      <Filter>Views\Interfaces\CardViewer</Filter>
    </ClCompile>
    <ClCompile Include="Views\CardView\CCardView.cpp">
      <Filter>Views\Interfaces\CardViewer</Filter>
    </ClCompile>
    <ClCompile Include="Views\CardView\VCardView.cpp">
      <Filter>Views\Interfaces\CardViewer</Filter>
    </ClCompile>
    <ClCompile Include="Views\CardView\CardRenderer.cpp">
      <Filter>Views\Interfaces\CardViewer\EditorModules</Filter>
    </ClCompile>
    <ClCompile Include="Views\CollectionsOverview\VCollectionsOverview.cpp">
      <Filter>Views\Overview</Filter>
    </ClCompile>
    <ClCompile Include="Views\CollectionsOverview\CCollectionsOverview.cpp">
      <Filter>Views\Overview</Filter>
    </ClCompile>
  </ItemGroup>
  <ItemGroup>
    <ClInclude Include="Views\MainWindow\CMainWindow.h">
      <Filter>Views</Filter>
    </ClInclude>
    <ClInclude Include="Views\MainWindow\MainWindow.h">
      <Filter>Views</Filter>
    </ClInclude>
    <ClInclude Include="Views\MainWindow\VMainWindow.h">
      <Filter>Views</Filter>
    </ClInclude>
    <ClInclude Include="Views\CardEditor\viCardEditor.h">
      <Filter>Views\Interfaces\CardEditor</Filter>
    </ClInclude>
    <ClInclude Include="Views\CardEditor\vcEditableItemList.h">
      <Filter>Views\Interfaces\CardEditor\Components</Filter>
    </ClInclude>
    <ClInclude Include="Views\CardEditor\vcEditableTraitList.h">
      <Filter>Views\Interfaces\CardEditor\Components</Filter>
    </ClInclude>
    <ClInclude Include="Views\CardEditor\vcEditableTraitListItem.h">
      <Filter>Views\Interfaces\CardEditor\Components</Filter>
    </ClInclude>
    <ClInclude Include="Views\CollectionEditor\viCollectionEditor.h">
      <Filter>Views\Interfaces\CollectionEditor</Filter>
    </ClInclude>
    <ClInclude Include="Views\CollectionEditor\CELIOption.h">
      <Filter>Views\Interfaces\CollectionEditor\Components</Filter>
    </ClInclude>
    <ClInclude Include="Views\CollectionEditor\vicCollectionEditListItemOption.h">
      <Filter>Views\Interfaces\CollectionEditor\Components</Filter>
    </ClInclude>
    <ClInclude Include="Views\CollectionEditor\vicCollectionEditorList.h">
      <Filter>Views\Interfaces\CollectionEditor\Components</Filter>
    </ClInclude>
    <ClInclude Include="Views\CollectionEditor\vicCollectionEditorListItem.h">
      <Filter>Views\Interfaces\CollectionEditor\Components</Filter>
    </ClInclude>
    <ClInclude Include="Views\CollectionEditor\vicCollectionEditorListItemPlusMinusCounter.h">
      <Filter>Views\Interfaces\CollectionEditor\Components</Filter>
    </ClInclude>
    <ClInclude Include="Views\CollectionEditor\vicListSelector.h">
      <Filter>Views\Interfaces\CollectionEditor\Components</Filter>
    </ClInclude>
    <ClInclude Include="Views\CollectionPreviewer\vicCollectionPeeker.h">
      <Filter>Views\Interfaces\CollectionSelector</Filter>
    </ClInclude>
    <ClInclude Include="Views\CollectionPreviewer\viCollectionSelector.h">
      <Filter>Views\Interfaces\CollectionSelector</Filter>
    </ClInclude>
    <ClInclude Include="Views\CollectionHistory\viHistoryViewer.h">
      <Filter>Views\Interfaces\HistoryViewer</Filter>
    </ClInclude>
    <ClInclude Include="Views\CollectionHistory\vicBlogFooter.h">
      <Filter>Views\Interfaces\HistoryViewer\Components</Filter>
    </ClInclude>
    <ClInclude Include="Views\CollectionHistory\vicBlogHeader.h">
      <Filter>Views\Interfaces\HistoryViewer\Components</Filter>
    </ClInclude>
    <ClInclude Include="Views\CollectionHistory\vicBlogItem.h">
      <Filter>Views\Interfaces\HistoryViewer\Components</Filter>
    </ClInclude>
    <ClInclude Include="Views\ImageViewer\ImageViewer.h">
      <Filter>Views\Interfaces\ImageViewer</Filter>
    </ClInclude>
    <ClInclude Include="Views\ImageViewer\vcImageWrapper.h">
      <Filter>Views\Interfaces\ImageViewer</Filter>
    </ClInclude>
    <ClInclude Include="Views\CollectionStats\vStatsViewer.h">
      <Filter>Views\Interfaces\StatsViewer</Filter>
    </ClInclude>
    <ClInclude Include="Views\CollectionStats\Modules\vimCMCModule.h">
      <Filter>Views\Interfaces\StatsViewer\Modules</Filter>
    </ClInclude>
    <ClInclude Include="Views\CollectionStats\Modules\vimCountModule.h">
      <Filter>Views\Interfaces\StatsViewer\Modules</Filter>
    </ClInclude>
    <ClInclude Include="Views\CollectionStats\Modules\vimTypeBreakDown.h">
      <Filter>Views\Interfaces\StatsViewer\Modules</Filter>
    </ClInclude>
    <ClInclude Include="Views\CollectionStats\vicStatsViewRow.h">
      <Filter>Views\Interfaces\StatsViewer\Components</Filter>
    </ClInclude>
    <ClInclude Include="Views\CollectionsOverview\CollectionsOverview.h">
      <Filter>Views\Overview</Filter>
    </ClInclude>
    <ClInclude Include="Views\CollectionsOverview\vcCollectionsMenuList.h">
      <Filter>Views\Overview\Components</Filter>
    </ClInclude>
    <ClInclude Include="Views\ViewTemplates\IControlledView.h">
      <Filter>Views\Template</Filter>
    </ClInclude>
    <ClInclude Include="Views\ViewTemplates\IMenuEventHandler.h">
      <Filter>Views\Template</Filter>
    </ClInclude>
    <ClInclude Include="Views\ViewTemplates\IMenuEventSource.h">
      <Filter>Views\Template</Filter>
    </ClInclude>
    <ClInclude Include="Views\wxExtras\wxImagePanel.h">
      <Filter>wxExtensions</Filter>
    </ClInclude>
    <ClInclude Include="Views\wxExtras\wxInfiniteGrid.h">
      <Filter>wxExtensions</Filter>
    </ClInclude>
    <ClInclude Include="Views\wxExtras\wxManualText.h">
      <Filter>wxExtensions</Filter>
    </ClInclude>
    <ClInclude Include="include\curl\curl.h">
      <Filter>Libraries\cURL</Filter>
    </ClInclude>
    <ClInclude Include="include\curl\curlver.h">
      <Filter>Libraries\cURL</Filter>
    </ClInclude>
    <ClInclude Include="include\curl\easy.h">
      <Filter>Libraries\cURL</Filter>
    </ClInclude>
    <ClInclude Include="include\curl\mprintf.h">
      <Filter>Libraries\cURL</Filter>
    </ClInclude>
    <ClInclude Include="include\curl\multi.h">
      <Filter>Libraries\cURL</Filter>
    </ClInclude>
    <ClInclude Include="include\curl\stdcheaders.h">
      <Filter>Libraries\cURL</Filter>
    </ClInclude>
    <ClInclude Include="include\curl\system.h">
      <Filter>Libraries\cURL</Filter>
    </ClInclude>
    <ClInclude Include="include\curl\typecheck-gcc.h">
      <Filter>Libraries\cURL</Filter>
    </ClInclude>
    <ClInclude Include="include\Zip\crc32.h">
      <Filter>Libraries\Zip</Filter>
    </ClInclude>
    <ClInclude Include="include\Zip\crypt.h">
      <Filter>Libraries\Zip</Filter>
    </ClInclude>
    <ClInclude Include="include\Zip\deflate.h">
      <Filter>Libraries\Zip</Filter>
    </ClInclude>
    <ClInclude Include="include\Zip\gzguts.h">
      <Filter>Libraries\Zip</Filter>
    </ClInclude>
    <ClInclude Include="include\Zip\inffast.h">
      <Filter>Libraries\Zip</Filter>
    </ClInclude>
    <ClInclude Include="include\Zip\inffixed.h">
      <Filter>Libraries\Zip</Filter>
    </ClInclude>
    <ClInclude Include="include\Zip\inftrees.h">
      <Filter>Libraries\Zip</Filter>
    </ClInclude>
    <ClInclude Include="include\Zip\ioapi.h">
      <Filter>Libraries\Zip</Filter>
    </ClInclude>
    <ClInclude Include="include\Zip\iowin32.h">
      <Filter>Libraries\Zip</Filter>
    </ClInclude>
    <ClInclude Include="include\Zip\mztools.h">
      <Filter>Libraries\Zip</Filter>
    </ClInclude>
    <ClInclude Include="include\Zip\trees.h">
      <Filter>Libraries\Zip</Filter>
    </ClInclude>
    <ClInclude Include="include\Zip\unzip.h">
      <Filter>Libraries\Zip</Filter>
    </ClInclude>
    <ClInclude Include="include\Zip\zconf.h">
      <Filter>Libraries\Zip</Filter>
    </ClInclude>
    <ClInclude Include="include\Zip\zip.h">
      <Filter>Libraries\Zip</Filter>
    </ClInclude>
    <ClInclude Include="include\Zip\zlib.h">
      <Filter>Libraries\Zip</Filter>
    </ClInclude>
    <ClInclude Include="include\Zip\zutil.h">
      <Filter>Libraries\Zip</Filter>
    </ClInclude>
    <ClInclude Include="include\json\json.hpp">
      <Filter>Libraries</Filter>
    </ClInclude>
    <ClInclude Include="StoreFrontEnd\App.h">
      <Filter>StoreFrontEnd</Filter>
    </ClInclude>
    <ClInclude Include="StoreFrontEnd\CardInterface.h">
      <Filter>StoreFrontEnd</Filter>
    </ClInclude>
    <ClInclude Include="StoreFrontEnd\CETraitOption.h">
      <Filter>StoreFrontEnd</Filter>
    </ClInclude>
    <ClInclude Include="StoreFrontEnd\CollectionInterface.h">
      <Filter>StoreFrontEnd</Filter>
    </ClInclude>
    <ClInclude Include="StoreFrontEnd\CURLAPI.h">
      <Filter>StoreFrontEnd</Filter>
    </ClInclude>
    <ClInclude Include="StoreFrontEnd\Group.h">
      <Filter>StoreFrontEnd</Filter>
    </ClInclude>
    <ClInclude Include="StoreFrontEnd\GroupItemData.h">
      <Filter>StoreFrontEnd</Filter>
    </ClInclude>
    <ClInclude Include="StoreFrontEnd\ImageFetcher.h">
      <Filter>StoreFrontEnd</Filter>
    </ClInclude>
    <ClInclude Include="StoreFrontEnd\ImageHandler.h">
      <Filter>StoreFrontEnd</Filter>
    </ClInclude>
    <ClInclude Include="StoreFrontEnd\ScryFallAPI.h">
      <Filter>StoreFrontEnd</Filter>
    </ClInclude>
    <ClInclude Include="StoreFrontEnd\SourceDownloader.h">
      <Filter>StoreFrontEnd</Filter>
    </ClInclude>
    <ClInclude Include="StoreFrontEnd\StorefrontConfig.h">
      <Filter>StoreFrontEnd</Filter>
    </ClInclude>
    <ClInclude Include="StoreFrontEnd\StoreFrontEnd.h">
      <Filter>StoreFrontEnd</Filter>
    </ClInclude>
    <ClInclude Include="Views\CardEditor\vcItemNameCheckBox.h">
      <Filter>Views\Interfaces\CardEditor\Components</Filter>
    </ClInclude>
    <ClInclude Include="Views\CollectionView\CCollectionView.h">
      <Filter>Views\CollectionView</Filter>
    </ClInclude>
    <ClInclude Include="Views\CollectionView\CollectionView.h">
      <Filter>Views\CollectionView</Filter>
    </ClInclude>
    <ClInclude Include="Views\CollectionView\VCollectionView.h">
      <Filter>Views\CollectionView</Filter>
    </ClInclude>
    <ClInclude Include="Views\CollectionView\CubeRenderer.h">
      <Filter>Views\CollectionView\Renderers</Filter>
    </ClInclude>
    <ClInclude Include="Views\CardView\CardView.h">
      <Filter>Views\Interfaces\CardViewer</Filter>
    </ClInclude>
    <ClInclude Include="Views\CardView\CCardView.h">
      <Filter>Views\Interfaces\CardViewer</Filter>
    </ClInclude>
    <ClInclude Include="Views\CardView\VCardView.h">
      <Filter>Views\Interfaces\CardViewer</Filter>
    </ClInclude>
    <ClInclude Include="Views\CardView\CardRenderer.h">
      <Filter>Views\Interfaces\CardViewer\EditorModules</Filter>
    </ClInclude>
    <ClInclude Include="Views\CollectionsOverview\VCollectionsOverview.h">
      <Filter>Views\Overview</Filter>
    </ClInclude>
    <ClInclude Include="Views\CollectionsOverview\CCollectionsOverview.h">
      <Filter>Views\Overview</Filter>
    </ClInclude>
  </ItemGroup>
  <ItemGroup>
    <Image Include="Images\AddSymb.jpg">
      <Filter>Resource Files</Filter>
    </Image>
    <Image Include="Images\RemSymb.jpg">
      <Filter>Resource Files</Filter>
    </Image>
    <Image Include="Images\SwapSymb.jpg">
      <Filter>Resource Files</Filter>
    </Image>
  </ItemGroup>
</Project>