<?xml version="1.0" encoding="utf-8"?>
<Project ToolsVersion="4.0" xmlns="http://schemas.microsoft.com/developer/msbuild/2003">
  <ItemGroup>
    <Filter Include="Source Files">
      <UniqueIdentifier>{4FC737F1-C7A5-4376-A066-2A32D752A2FF}</UniqueIdentifier>
      <Extensions>cpp;c;cc;cxx;def;odl;idl;hpj;bat;asm;asmx</Extensions>
    </Filter>
    <Filter Include="Header Files">
      <UniqueIdentifier>{93995380-89BD-4b04-88EB-625FBE52EBFB}</UniqueIdentifier>
      <Extensions>h;hh;hpp;hxx;hm;inl;inc;xsd</Extensions>
    </Filter>
    <Filter Include="Resource Files">
      <UniqueIdentifier>{67DA6AB6-F800-4c08-8B7A-83BB121AAD01}</UniqueIdentifier>
      <Extensions>rc;ico;cur;bmp;dlg;rc2;rct;bin;rgs;gif;jpg;jpeg;jpe;resx;tiff;tif;png;wav;mfcribbon-ms</Extensions>
    </Filter>
    <Filter Include="Libraries">
      <UniqueIdentifier>{a9a8439f-85c3-4309-ba5a-1858a1499278}</UniqueIdentifier>
    </Filter>
    <Filter Include="Libraries\cURL">
      <UniqueIdentifier>{8f669614-fbfb-4eeb-a9df-6d00b3505e58}</UniqueIdentifier>
    </Filter>
    <Filter Include="Libraries\Zip">
      <UniqueIdentifier>{b8367648-76b4-4c59-a813-045b1dfc7f2d}</UniqueIdentifier>
    </Filter>
    <Filter Include="Views">
      <UniqueIdentifier>{0e663d4e-02a6-4035-9ea6-51471ebf9067}</UniqueIdentifier>
    </Filter>
    <Filter Include="Views\Overview">
      <UniqueIdentifier>{e4ff053b-b998-403d-8446-59ab4bcdec5a}</UniqueIdentifier>
    </Filter>
    <Filter Include="Views\Overview\Components">
      <UniqueIdentifier>{0290169f-9ba2-4200-b4fc-253db1f52915}</UniqueIdentifier>
    </Filter>
    <Filter Include="Views\Deckbox">
      <UniqueIdentifier>{f37700cb-e82e-40ca-b01e-d99f94b16bf2}</UniqueIdentifier>
    </Filter>
    <Filter Include="Views\Deckbox\Components">
      <UniqueIdentifier>{a3566811-f2d1-45a5-b14f-3f28a82b0af9}</UniqueIdentifier>
    </Filter>
    <Filter Include="Views\Deckbox\ComponentHelpers">
      <UniqueIdentifier>{4963d8e0-6851-4db2-a3f9-1ed7888d8ffd}</UniqueIdentifier>
    </Filter>
    <Filter Include="Views\Interfaces">
      <UniqueIdentifier>{de6c1d01-12f1-405e-bafd-e6d6fd204c6a}</UniqueIdentifier>
    </Filter>
    <Filter Include="Views\Interfaces\CollectionEditor">
      <UniqueIdentifier>{a875f7e0-2ffb-4be7-9be8-c3927affb148}</UniqueIdentifier>
    </Filter>
    <Filter Include="Views\Interfaces\CollectionEditor\Components">
      <UniqueIdentifier>{0b709aad-aee9-4d6f-9839-47270f0228ab}</UniqueIdentifier>
    </Filter>
    <Filter Include="Views\Interfaces\CardEditor">
      <UniqueIdentifier>{f5826536-5ce6-427d-ac26-1a59c6f44800}</UniqueIdentifier>
    </Filter>
    <Filter Include="Views\Interfaces\CardEditor\Components">
      <UniqueIdentifier>{0cf2b4cb-8083-4995-9df1-c93bcfea3e94}</UniqueIdentifier>
    </Filter>
    <Filter Include="Views\Interfaces\CollectionSelector">
      <UniqueIdentifier>{14aabd1a-412c-4311-b71a-71988c4b122f}</UniqueIdentifier>
    </Filter>
    <Filter Include="Views\Interfaces\ImageViewer">
      <UniqueIdentifier>{235fdba2-5b54-4a10-b56d-bc0474300924}</UniqueIdentifier>
    </Filter>
    <Filter Include="Views\Template">
      <UniqueIdentifier>{921bdce0-b8b2-4984-abc0-1dc54c078048}</UniqueIdentifier>
    </Filter>
    <Filter Include="Views\Cube">
      <UniqueIdentifier>{84c8dacd-fdf8-43de-9057-a5148544ff2f}</UniqueIdentifier>
    </Filter>
    <Filter Include="Views\Cube\Components">
      <UniqueIdentifier>{4a01723e-c28a-433a-a4d3-970b99701fda}</UniqueIdentifier>
    </Filter>
    <Filter Include="Views\Interfaces\StatsViewer">
      <UniqueIdentifier>{8f564d03-09b7-49e7-b975-c60609cf543b}</UniqueIdentifier>
    </Filter>
    <Filter Include="Views\Interfaces\StatsViewer\Components">
      <UniqueIdentifier>{42283d38-a96e-49a8-a1b2-cc58a91e7dc6}</UniqueIdentifier>
    </Filter>
    <Filter Include="Views\Interfaces\StatsViewer\Modules">
      <UniqueIdentifier>{fc80ad81-6283-4b69-b7a1-4e440d6f47cb}</UniqueIdentifier>
    </Filter>
  </ItemGroup>
  <ItemGroup>
    <ClCompile Include="App.cpp">
      <Filter>Source Files</Filter>
    </ClCompile>
    <ClCompile Include="vCollectionsOverview.cpp">
      <Filter>Views\Overview</Filter>
    </ClCompile>
    <ClCompile Include="vcCollectionsMenuList.cpp">
      <Filter>Views\Overview\Components</Filter>
    </ClCompile>
    <ClCompile Include="MainWindow.cpp">
      <Filter>Views</Filter>
    </ClCompile>
    <ClCompile Include="vCollectionDeckBox.cpp">
      <Filter>Views\Deckbox</Filter>
    </ClCompile>
    <ClCompile Include="vcCollectionDeckBoxItemList.cpp">
      <Filter>Views\Deckbox\Components</Filter>
    </ClCompile>
    <ClCompile Include="viCollectionEditor.cpp">
      <Filter>Views\Interfaces\CollectionEditor</Filter>
    </ClCompile>
    <ClCompile Include="vicListSelector.cpp">
      <Filter>Views\Interfaces\CollectionEditor\Components</Filter>
    </ClCompile>
    <ClCompile Include="vicCollectionEditorList.cpp">
      <Filter>Views\Interfaces\CollectionEditor\Components</Filter>
    </ClCompile>
    <ClCompile Include="vicCollectionEditorListItem.cpp">
      <Filter>Views\Interfaces\CollectionEditor\Components</Filter>
    </ClCompile>
    <ClCompile Include="vicCollectionEditorListItemPlusMinusCounter.cpp">
      <Filter>Views\Interfaces\CollectionEditor\Components</Filter>
    </ClCompile>
    <ClCompile Include="vicCollectionEditListItemOption.cpp">
      <Filter>Views\Interfaces\CollectionEditor\Components</Filter>
    </ClCompile>
    <ClCompile Include="viCardEditor.cpp">
      <Filter>Views\Interfaces\CardEditor</Filter>
    </ClCompile>
    <ClCompile Include="wxImagePanel.cpp">
      <Filter>Views\Template</Filter>
    </ClCompile>
    <ClCompile Include="StoreFrontEnd.cpp">
      <Filter>Source Files</Filter>
    </ClCompile>
    <ClCompile Include="ImageFetcher.cpp">
      <Filter>Source Files</Filter>
    </ClCompile>
    <ClCompile Include="IMenuEventHandler.cpp">
      <Filter>Views\Template</Filter>
    </ClCompile>
    <ClCompile Include="cCollectionDeckBox.cpp">
      <Filter>Views\Deckbox</Filter>
    </ClCompile>
    <ClCompile Include="cCollectionsOverview.cpp">
      <Filter>Views\Overview</Filter>
    </ClCompile>
    <ClCompile Include="vcEditableTraitList.cpp">
      <Filter>Views\Interfaces\CardEditor\Components</Filter>
    </ClCompile>
    <ClCompile Include="vcEditableTraitListItem.cpp">
      <Filter>Views\Interfaces\CardEditor\Components</Filter>
    </ClCompile>
    <ClCompile Include="vcItemNameCheckBox.cpp">
      <Filter>Views\Interfaces\CardEditor\Components</Filter>
    </ClCompile>
    <ClCompile Include="vcEditableItemList.cpp">
      <Filter>Views\Interfaces\CardEditor\Components</Filter>
    </ClCompile>
    <ClCompile Include="cCollectionCube.cpp">
      <Filter>Views\Cube</Filter>
    </ClCompile>
    <ClCompile Include="vCollectionCube.cpp">
      <Filter>Views\Cube</Filter>
    </ClCompile>
    <ClCompile Include="vcCollectionCubeGroup.cpp">
      <Filter>Views\Cube\Components</Filter>
    </ClCompile>
    <ClCompile Include="Group.cpp">
      <Filter>Source Files</Filter>
    </ClCompile>
    <ClCompile Include="GroupItemData.cpp">
      <Filter>Source Files</Filter>
    </ClCompile>
    <ClCompile Include="vcCollectionCubeDisplay.cpp">
      <Filter>Views\Cube\Components</Filter>
    </ClCompile>
    <ClCompile Include="CELIOption.cpp">
      <Filter>Views\Interfaces\CollectionEditor\Components</Filter>
    </ClCompile>
    <ClCompile Include="ScryFallAPI.cpp">
      <Filter>Source Files</Filter>
    </ClCompile>
    <ClCompile Include="json\jsoncpp.cpp">
      <Filter>Libraries</Filter>
    </ClCompile>
    <ClCompile Include="ivCollectionView.cpp">
      <Filter>Views\Template</Filter>
    </ClCompile>
    <ClCompile Include="SourceDownloader.cpp">
      <Filter>Source Files</Filter>
    </ClCompile>
    <ClCompile Include="CURLAPI.cpp">
      <Filter>Source Files</Filter>
    </ClCompile>
    <ClCompile Include="viCollectionSelector.cpp">
      <Filter>Views\Interfaces\CollectionSelector</Filter>
    </ClCompile>
    <ClCompile Include="ImageViewer.cpp">
      <Filter>Views\Interfaces\ImageViewer</Filter>
    </ClCompile>
    <ClCompile Include="vcImageWrapper.cpp">
      <Filter>Views\Interfaces\ImageViewer</Filter>
    </ClCompile>
    <ClCompile Include="vicCollectionPeeker.cpp">
      <Filter>Views\Interfaces\CollectionSelector</Filter>
    </ClCompile>
    <ClCompile Include="CollectionInterface.cpp">
      <Filter>Source Files</Filter>
    </ClCompile>
    <ClCompile Include="CardInterface.cpp">
      <Filter>Source Files</Filter>
    </ClCompile>
    <ClCompile Include="vicStatsViewRow.cpp">
      <Filter>Views\Interfaces\StatsViewer\Components</Filter>
    </ClCompile>
    <ClCompile Include="vimCountModule.cpp">
      <Filter>Views\Interfaces\StatsViewer\Modules</Filter>
    </ClCompile>
    <ClCompile Include="vimCMCModule.cpp">
      <Filter>Views\Interfaces\StatsViewer\Modules</Filter>
    </ClCompile>
    <ClCompile Include="vStatsViewer.cpp">
      <Filter>Views\Interfaces\StatsViewer</Filter>
    </ClCompile>
  </ItemGroup>
  <ItemGroup>
    <ClInclude Include="StorefrontConfig.h">
      <Filter>Header Files</Filter>
    </ClInclude>
    <ClInclude Include="App.h">
      <Filter>Header Files</Filter>
    </ClInclude>
    <ClInclude Include="vCollectionsOverview.h">
      <Filter>Views\Overview</Filter>
    </ClInclude>
    <ClInclude Include="vcCollectionsMenuList.h">
      <Filter>Views\Overview\Components</Filter>
    </ClInclude>
    <ClInclude Include="MainWindow.h">
      <Filter>Views</Filter>
    </ClInclude>
    <ClInclude Include="vCollectionDeckBox.h">
      <Filter>Views\Deckbox</Filter>
    </ClInclude>
    <ClInclude Include="vcCollectionDeckBoxItemList.h">
      <Filter>Views\Deckbox\Components</Filter>
    </ClInclude>
    <ClInclude Include="viCollectionEditor.h">
      <Filter>Views\Interfaces\CollectionEditor</Filter>
    </ClInclude>
    <ClInclude Include="vicListSelector.h">
      <Filter>Views\Interfaces\CollectionEditor\Components</Filter>
    </ClInclude>
    <ClInclude Include="vicCollectionEditorList.h">
      <Filter>Views\Interfaces\CollectionEditor\Components</Filter>
    </ClInclude>
    <ClInclude Include="vicCollectionEditorListItem.h">
      <Filter>Views\Interfaces\CollectionEditor\Components</Filter>
    </ClInclude>
    <ClInclude Include="vicCollectionEditorListItemPlusMinusCounter.h">
      <Filter>Views\Interfaces\CollectionEditor\Components</Filter>
    </ClInclude>
    <ClInclude Include="CELIOption.h">
      <Filter>Views\Interfaces\CollectionEditor\Components</Filter>
    </ClInclude>
    <ClInclude Include="vicCollectionEditListItemOption.h">
      <Filter>Views\Interfaces\CollectionEditor\Components</Filter>
    </ClInclude>
    <ClInclude Include="viCardEditor.h">
      <Filter>Views\Interfaces\CardEditor</Filter>
    </ClInclude>
    <ClInclude Include="StoreFrontEnd.h">
      <Filter>Header Files</Filter>
    </ClInclude>
    <ClInclude Include="CETraitOption.h">
      <Filter>Views\Interfaces\CardEditor\Components</Filter>
    </ClInclude>
    <ClInclude Include="wxImagePanel.h">
      <Filter>Views\Template</Filter>
    </ClInclude>
    <ClInclude Include="ImageFetcher.h">
      <Filter>Header Files</Filter>
    </ClInclude>
    <ClInclude Include="IMenuEventHandler.h">
      <Filter>Views\Template</Filter>
    </ClInclude>
    <ClInclude Include="cCollectionsOverview.h">
      <Filter>Views\Overview</Filter>
    </ClInclude>
    <ClInclude Include="vcEditableTraitList.h">
      <Filter>Views\Interfaces\CardEditor\Components</Filter>
    </ClInclude>
    <ClInclude Include="vcEditableTraitListItem.h">
      <Filter>Views\Interfaces\CardEditor\Components</Filter>
    </ClInclude>
    <ClInclude Include="vcItemNameCheckBox.h">
      <Filter>Views\Interfaces\CardEditor\Components</Filter>
    </ClInclude>
    <ClInclude Include="vcEditableItemList.h">
      <Filter>Views\Interfaces\CardEditor\Components</Filter>
    </ClInclude>
    <ClInclude Include="cCollectionCube.h">
      <Filter>Views\Cube</Filter>
    </ClInclude>
    <ClInclude Include="vCollectionCube.h">
      <Filter>Views\Cube</Filter>
    </ClInclude>
    <ClInclude Include="vcCollectionCubeGroup.h">
      <Filter>Views\Cube\Components</Filter>
    </ClInclude>
    <ClInclude Include="Group.h">
      <Filter>Header Files</Filter>
    </ClInclude>
    <ClInclude Include="GroupItemData.h">
      <Filter>Header Files</Filter>
    </ClInclude>
    <ClInclude Include="vcCollectionCubeDisplay.h">
      <Filter>Views\Cube\Components</Filter>
    </ClInclude>
    <ClInclude Include="ScryFallAPI.h">
      <Filter>Header Files</Filter>
    </ClInclude>
    <ClInclude Include="json\json.hpp">
      <Filter>Libraries</Filter>
    </ClInclude>
    <ClInclude Include="cCollectionDeckBox.h">
      <Filter>Views\Deckbox</Filter>
    </ClInclude>
    <ClInclude Include="curl\curl.h">
      <Filter>Libraries\cURL</Filter>
    </ClInclude>
    <ClInclude Include="curl\curlver.h">
      <Filter>Libraries\cURL</Filter>
    </ClInclude>
    <ClInclude Include="curl\easy.h">
      <Filter>Libraries\cURL</Filter>
    </ClInclude>
    <ClInclude Include="curl\mprintf.h">
      <Filter>Libraries\cURL</Filter>
    </ClInclude>
    <ClInclude Include="curl\multi.h">
      <Filter>Libraries\cURL</Filter>
    </ClInclude>
    <ClInclude Include="curl\stdcheaders.h">
      <Filter>Libraries\cURL</Filter>
    </ClInclude>
    <ClInclude Include="curl\system.h">
      <Filter>Libraries\cURL</Filter>
    </ClInclude>
    <ClInclude Include="curl\typecheck-gcc.h">
      <Filter>Libraries\cURL</Filter>
    </ClInclude>
    <ClInclude Include="ivCollectionView.h">
      <Filter>Views\Template</Filter>
    </ClInclude>
    <ClInclude Include="SourceDownloader.h">
      <Filter>Header Files</Filter>
    </ClInclude>
    <ClInclude Include="CURLAPI.h">
      <Filter>Header Files</Filter>
    </ClInclude>
    <ClInclude Include="Zip\unzip.h">
      <Filter>Libraries\Zip</Filter>
    </ClInclude>
    <ClInclude Include="viCollectionSelector.h">
      <Filter>Views\Interfaces\CollectionSelector</Filter>
    </ClInclude>
    <ClInclude Include="ImageViewer.h">
      <Filter>Views\Interfaces\ImageViewer</Filter>
    </ClInclude>
    <ClInclude Include="vcImageWrapper.h">
      <Filter>Views\Interfaces\ImageViewer</Filter>
    </ClInclude>
    <ClInclude Include="vicCollectionPeeker.h">
      <Filter>Views\Interfaces\CollectionSelector</Filter>
    </ClInclude>
    <ClInclude Include="CollectionInterface.h">
      <Filter>Header Files</Filter>
    </ClInclude>
    <ClInclude Include="CardInterface.h">
      <Filter>Header Files</Filter>
    </ClInclude>
    <ClInclude Include="vStatsViewer.h">
      <Filter>Views\Interfaces\StatsViewer</Filter>
    </ClInclude>
    <ClInclude Include="vicStatsViewRow.h">
      <Filter>Views\Interfaces\StatsViewer\Components</Filter>
    </ClInclude>
    <ClInclude Include="vimCountModule.h">
      <Filter>Views\Interfaces\StatsViewer\Modules</Filter>
    </ClInclude>
    <ClInclude Include="vimCMCModule.h">
      <Filter>Views\Interfaces\StatsViewer\Modules</Filter>
    </ClInclude>
  </ItemGroup>
</Project>